
Microsoft Visual Studio Solution File, Format Version 12.00
# Visual Studio 2012
Project("{FAE04EC0-301F-11D3-BF4B-00C04F79EFBC}") = "HotspotDiscovery", "HotspotDiscovery.csproj", "{58560F53-8DE7-4927-AB1F-9460AB8B35A5}"
EndProject
Global
	GlobalSection(SolutionConfigurationPlatforms) = preSolution
		Debug|Any CPU = Debug|Any CPU
		Release|Any CPU = Release|Any CPU
	EndGlobalSection
	GlobalSection(ProjectConfigurationPlatforms) = postSolution
		{58560F53-8DE7-4927-AB1F-9460AB8B35A5}.Debug|Any CPU.ActiveCfg = Debug|Any CPU
		{58560F53-8DE7-4927-AB1F-9460AB8B35A5}.Debug|Any CPU.Build.0 = Debug|Any CPU
		{58560F53-8DE7-4927-AB1F-9460AB8B35A5}.Release|Any CPU.ActiveCfg = Release|Any CPU
		{58560F53-8DE7-4927-AB1F-9460AB8B35A5}.Release|Any CPU.Build.0 = Release|Any CPU
	EndGlobalSection
	GlobalSection(MonoDevelopProperties) = preSolution
		Policies = $0
		$0.DotNetNamingPolicy = $1
		$1.DirectoryNamespaceAssociation = None
		$1.ResourceNamePolicy = FileFormatDefault
		$0.TextStylePolicy = $2
		$2.inheritsSet = null
		$2.inheritsScope = text/plain
		$2.scope = application/xml
		$2.FileWidth = 120
		$2.TabsToSpaces = False
		$0.CSharpFormattingPolicy = $3
		$3.SpacingAfterMethodDeclarationName = False
		$3.SpaceAfterMethodCallName = False
		$3.SpaceBeforeOpenSquareBracket = False
		$3.inheritsSet = Mono
		$3.inheritsScope = text/x-csharp
		$3.scope = text/x-csharp
		$0.XmlFormattingPolicy = $4
		$4.inheritsSet = Mono
		$4.scope = application/xml
		$4.inheritsScope = application/xml
		$0.StandardHeader = $5
		$5.Text = 
		$5.IncludeInNewFiles = True
		$0.NameConventionPolicy = $6
		$6.Rules = $7
		$7.NamingRule = $8
		$8.Name = Type Parameters
		$8.AffectedEntity = TypeParameter
		$8.VisibilityMask = VisibilityMask
		$8.NamingStyle = PascalCase
		$8.IncludeInstanceMembers = True
		$8.IncludeStaticEntities = True
		$8.RequiredPrefixes = $9
		$9.String = T
		$8.RequiredSuffixes = $10
		$10.String = Exception
		$0.VersionControlPolicy = $11
		$11.inheritsSet = Mono
	EndGlobalSection
EndGlobal
